<?xml version="1.0" encoding="utf-8"?>
<Project ToolsVersion="4.0" xmlns="http://schemas.microsoft.com/developer/msbuild/2003">
  <ItemGroup>
    <Filter Include="include">
      <UniqueIdentifier>{63dcd04f-2ab6-4d43-9aaf-e74f78e7e48d}</UniqueIdentifier>
    </Filter>
    <Filter Include="src">
      <UniqueIdentifier>{7bce1887-bab8-4fcd-9917-28d3c37bb9ca}</UniqueIdentifier>
    </Filter>
  </ItemGroup>
  <ItemGroup>
    <ClInclude Include="include\Docking.h">
      <Filter>include</Filter>
    </ClInclude>
    <ClInclude Include="include\DockingDlgInterface.h">
      <Filter>include</Filter>
    </ClInclude>
    <ClInclude Include="include\dockingResource.h">
      <Filter>include</Filter>
    </ClInclude>
    <ClInclude Include="include\resource.h">
      <Filter>include</Filter>
    </ClInclude>
    <ClInclude Include="include\StaticDialog.h">
      <Filter>include</Filter>
    </ClInclude>
    <ClInclude Include="include\Window.h">
      <Filter>include</Filter>
    </ClInclude>
    <ClInclude Include="stdafx.h" />
    <ClInclude Include="include\ScriptsViewDlg.h">
      <Filter>include</Filter>
    </ClInclude>
    <ClInclude Include="include\ImportExport.h">
      <Filter>include</Filter>
    </ClInclude>
  </ItemGroup>
  <ItemGroup>
    <ClCompile Include="src\StaticDialog.cpp">
      <Filter>src</Filter>
    </ClCompile>
    <ClCompile Include="stdafx.cpp" />
    <ClCompile Include="src\ScriptsViewDlg.cpp">
      <Filter>src</Filter>
    </ClCompile>
  </ItemGroup>
</Project>