<?xml version="1.0" encoding="utf-8"?>
<Project ToolsVersion="4.0" xmlns="http://schemas.microsoft.com/developer/msbuild/2003">
  <ItemGroup>
    <Filter Include="include">
      <UniqueIdentifier>{4486b617-e35c-4e8a-9059-b281ec1d9f37}</UniqueIdentifier>
    </Filter>
    <Filter Include="src">
      <UniqueIdentifier>{17d6c5e8-c96e-4885-92ee-2aa4a5642600}</UniqueIdentifier>
    </Filter>
  </ItemGroup>
  <ItemGroup>
    <ClInclude Include="stdafx.h" />
    <ClInclude Include="include\ImportExport.h">
      <Filter>include</Filter>
    </ClInclude>
    <ClInclude Include="include\INppWrapper.h">
      <Filter>include</Filter>
    </ClInclude>
    <ClInclude Include="include\NppWrapper.h">
      <Filter>include</Filter>
    </ClInclude>
  </ItemGroup>
  <ItemGroup>
    <ClCompile Include="stdafx.cpp" />
    <ClCompile Include="src\NppWrapper.cpp">
      <Filter>src</Filter>
    </ClCompile>
  </ItemGroup>
</Project>