<?xml version="1.0" encoding="utf-8"?>
<Project ToolsVersion="4.0" xmlns="http://schemas.microsoft.com/developer/msbuild/2003">
  <ItemGroup>
    <Filter Include="include">
      <UniqueIdentifier>{c364c0b6-fd05-4e41-af6f-39c2f67ec440}</UniqueIdentifier>
    </Filter>
    <Filter Include="src">
      <UniqueIdentifier>{ea56b1c1-88a0-4ede-811c-dc14aecf6b47}</UniqueIdentifier>
    </Filter>
  </ItemGroup>
  <ItemGroup>
    <ClInclude Include="include\TreeView.h">
      <Filter>include</Filter>
    </ClInclude>
    <ClInclude Include="stdafx.h" />
    <ClInclude Include="include\SampleDialogBox.h">
      <Filter>include</Filter>
    </ClInclude>
    <ClInclude Include="include\ImportExport.h">
      <Filter>include</Filter>
    </ClInclude>
    <ClInclude Include="include\StackDump.h">
      <Filter>include</Filter>
    </ClInclude>
  </ItemGroup>
  <ItemGroup>
    <ClCompile Include="src\TreeView.cpp">
      <Filter>src</Filter>
    </ClCompile>
    <ClCompile Include="stdafx.cpp" />
    <ClCompile Include="src\SampleDialogBox.cpp">
      <Filter>src</Filter>
    </ClCompile>
    <ClCompile Include="src\StackDump.cpp">
      <Filter>src</Filter>
    </ClCompile>
  </ItemGroup>
</Project>